
Microsoft Visual Studio Solution File, Format Version 12.00
# Visual Studio 15
VisualStudioVersion = 15.0.26730.12
MinimumVisualStudioVersion = 10.0.40219.1
Project("{FAE04EC0-301F-11D3-BF4B-00C04F79EFBC}") = "ChsuSchedule.Data", "ChsuSchedule.Data\ChsuSchedule.Data.csproj", "{67F9D3A8-F71E-4428-913F-C37AE82CDB24}"
EndProject
Project("{FAE04EC0-301F-11D3-BF4B-00C04F79EFBC}") = "ChsuSchedule.Data.Tests", "Tests\ChsuSchedule.Data.Tests\ChsuSchedule.Data.Tests.csproj", "{0FBEF077-82E5-41BA-B493-809EC519AEEB}"
EndProject
Project("{2150E333-8FDC-42A3-9474-1A3956D46DE8}") = "Tests", "Tests", "{660DFAC9-9A76-4D13-8237-23FE3B3B0BD8}"
EndProject
Project("{FAE04EC0-301F-11D3-BF4B-00C04F79EFBC}") = "ChsuSchedule.UI", "ChsuSchedule.UI\ChsuSchedule.UI.csproj", "{B8EF8718-644C-4C2F-9225-DAD9FC41AD0E}"
EndProject
Project("{FAE04EC0-301F-11D3-BF4B-00C04F79EFBC}") = "ChsuSchedule.Droid", "ChsuSchedule.Droid\ChsuSchedule.Droid.csproj", "{614A0267-772A-47F2-A503-E41B19C18CBF}"
EndProject
Global
	GlobalSection(SolutionConfigurationPlatforms) = preSolution
		Debug|Any CPU = Debug|Any CPU
		Release|Any CPU = Release|Any CPU
	EndGlobalSection
	GlobalSection(ProjectConfigurationPlatforms) = postSolution
		{67F9D3A8-F71E-4428-913F-C37AE82CDB24}.Debug|Any CPU.ActiveCfg = Debug|Any CPU
		{67F9D3A8-F71E-4428-913F-C37AE82CDB24}.Debug|Any CPU.Build.0 = Debug|Any CPU
		{67F9D3A8-F71E-4428-913F-C37AE82CDB24}.Release|Any CPU.ActiveCfg = Release|Any CPU
		{67F9D3A8-F71E-4428-913F-C37AE82CDB24}.Release|Any CPU.Build.0 = Release|Any CPU
		{0FBEF077-82E5-41BA-B493-809EC519AEEB}.Debug|Any CPU.ActiveCfg = Debug|Any CPU
		{0FBEF077-82E5-41BA-B493-809EC519AEEB}.Debug|Any CPU.Build.0 = Debug|Any CPU
		{0FBEF077-82E5-41BA-B493-809EC519AEEB}.Release|Any CPU.ActiveCfg = Release|Any CPU
		{0FBEF077-82E5-41BA-B493-809EC519AEEB}.Release|Any CPU.Build.0 = Release|Any CPU
		{B8EF8718-644C-4C2F-9225-DAD9FC41AD0E}.Debug|Any CPU.ActiveCfg = Debug|Any CPU
		{B8EF8718-644C-4C2F-9225-DAD9FC41AD0E}.Debug|Any CPU.Build.0 = Debug|Any CPU
		{B8EF8718-644C-4C2F-9225-DAD9FC41AD0E}.Release|Any CPU.ActiveCfg = Release|Any CPU
		{B8EF8718-644C-4C2F-9225-DAD9FC41AD0E}.Release|Any CPU.Build.0 = Release|Any CPU
		{614A0267-772A-47F2-A503-E41B19C18CBF}.Debug|Any CPU.ActiveCfg = Debug|Any CPU
		{614A0267-772A-47F2-A503-E41B19C18CBF}.Debug|Any CPU.Build.0 = Debug|Any CPU
		{614A0267-772A-47F2-A503-E41B19C18CBF}.Debug|Any CPU.Deploy.0 = Debug|Any CPU
		{614A0267-772A-47F2-A503-E41B19C18CBF}.Release|Any CPU.ActiveCfg = Release|Any CPU
		{614A0267-772A-47F2-A503-E41B19C18CBF}.Release|Any CPU.Build.0 = Release|Any CPU
		{614A0267-772A-47F2-A503-E41B19C18CBF}.Release|Any CPU.Deploy.0 = Release|Any CPU
	EndGlobalSection
	GlobalSection(SolutionProperties) = preSolution
		HideSolutionNode = FALSE
	EndGlobalSection
	GlobalSection(NestedProjects) = preSolution
		{0FBEF077-82E5-41BA-B493-809EC519AEEB} = {660DFAC9-9A76-4D13-8237-23FE3B3B0BD8}
	EndGlobalSection
	GlobalSection(ExtensibilityGlobals) = postSolution
		SolutionGuid = {1EC30423-3832-4E21-918C-8B380E082541}
	EndGlobalSection
EndGlobal
